
Microsoft Visual Studio Solution File, Format Version 12.00
# Visual Studio Version 16
VisualStudioVersion = 16.0.28922.388
MinimumVisualStudioVersion = 10.0.40219.1
Project("{FAE04EC0-301F-11D3-BF4B-00C04F79EFBC}") = "AreaAndVolumeVaughn", "AreaAndVolumeVaughn\AreaAndVolumeVaughn.csproj", "{E418C296-A7F0-4936-843B-266EB707D382}"
EndProject
Global
	GlobalSection(SolutionConfigurationPlatforms) = preSolution
		Debug|Any CPU = Debug|Any CPU
		Release|Any CPU = Release|Any CPU
	EndGlobalSection
	GlobalSection(ProjectConfigurationPlatforms) = postSolution
		{E418C296-A7F0-4936-843B-266EB707D382}.Debug|Any CPU.ActiveCfg = Debug|Any CPU
		{E418C296-A7F0-4936-843B-266EB707D382}.Debug|Any CPU.Build.0 = Debug|Any CPU
		{E418C296-A7F0-4936-843B-266EB707D382}.Release|Any CPU.ActiveCfg = Release|Any CPU
		{E418C296-A7F0-4936-843B-266EB707D382}.Release|Any CPU.Build.0 = Release|Any CPU
	EndGlobalSection
	GlobalSection(SolutionProperties) = preSolution
		HideSolutionNode = FALSE
	EndGlobalSection
	GlobalSection(ExtensibilityGlobals) = postSolution
		SolutionGuid = {D3FD2CFA-FD2D-4995-96CF-51B26F30BF73}
	EndGlobalSection
EndGlobal
